{
    "_readme": [
        "This file locks the dependencies of your project to a known state",
        "Read more about it at https://getcomposer.org/doc/01-basic-usage.md#composer-lock-the-lock-file",
        "This file is @generated automatically"
    ],
    "hash": "d46c7a73e21352e30afdf56c857d98c3",
    "content-hash": "d869c1e2e7ecbc6794e1a9b576e7116c",
    "packages": [
        {
            "name": "driftyco/ionicons",
            "version": "v2.0.1",
            "source": {
                "type": "git",
                "url": "https://github.com/driftyco/ionicons.git",
                "reference": "ecb4b806831005c25b97ed9089fbb1d7dcc0879c"
            },
            "dist": {
                "type": "zip",
                "url": "https://api.github.com/repos/driftyco/ionicons/zipball/ecb4b806831005c25b97ed9089fbb1d7dcc0879c",
                "reference": "ecb4b806831005c25b97ed9089fbb1d7dcc0879c",
                "shasum": ""
            },
            "type": "library",
            "notification-url": "https://packagist.org/downloads/",
            "license": [
                "MIT"
            ],
            "authors": [
                {
                    "name": "Adam Bradley",
                    "email": "adam@drifty.com",
                    "homepage": "https://twitter.com/adamdbradley",
                    "role": "Developer"
                },
                {
                    "name": "Max Lynch",
                    "email": "max@drifty.com",
                    "homepage": "https://twitter.com/maxlynch",
                    "role": "Developer"
                },
                {
                    "name": "Ben Sperry",
                    "email": "ben@drifty.com",
                    "homepage": "https://twitter.com/benjsperry",
                    "role": "Designer"
                }
            ],
            "description": "The premium icon font for Ionic Framework.",
            "homepage": "http://ionicons.com/",
            "keywords": [
                "fonts",
                "icon font",
                "icons",
                "ionic",
                "web font"
            ],
            "time": "2015-01-03 20:02:30"
        },
        {
            "name": "fortawesome/font-awesome",
            "version": "v4.5.0",
            "source": {
                "type": "git",
                "url": "https://github.com/FortAwesome/Font-Awesome.git",
                "reference": "fddd2c240452e6c8990c4ef75e0265b455aa7968"
            },
            "dist": {
                "type": "zip",
                "url": "https://api.github.com/repos/FortAwesome/Font-Awesome/zipball/fddd2c240452e6c8990c4ef75e0265b455aa7968",
                "reference": "fddd2c240452e6c8990c4ef75e0265b455aa7968",
                "shasum": ""
            },
            "require-dev": {
                "jekyll": "1.0.2",
                "lessc": "1.4.2"
            },
            "type": "library",
            "extra": {
                "branch-alias": {
                    "dev-master": "4.0.x-dev"
                }
            },
            "notification-url": "https://packagist.org/downloads/",
            "license": [
                "OFL-1.1",
                "MIT"
            ],
            "authors": [
                {
                    "name": "Dave Gandy",
                    "email": "dave@fontawesome.io",
                    "homepage": "http://twitter.com/davegandy",
                    "role": "Developer"
                }
            ],
            "description": "The iconic font and CSS framework",
            "homepage": "http://fontawesome.io/",
            "keywords": [
                "FontAwesome",
                "awesome",
                "bootstrap",
                "font",
                "icon"
            ],
            "time": "2015-11-30 17:28:02"
        }
    ],
    "packages-dev": [
        {
            "name": "mikey179/vfsStream",
            "version": "v1.1.0",
            "source": {
                "type": "git",
                "url": "https://github.com/mikey179/vfsStream.git",
                "reference": "fc0fe8f4d0b527254a2dc45f0c265567c881d07e"
            },
            "dist": {
                "type": "zip",
                "url": "https://api.github.com/repos/mikey179/vfsStream/zipball/fc0fe8f4d0b527254a2dc45f0c265567c881d07e",
                "reference": "fc0fe8f4d0b527254a2dc45f0c265567c881d07e",
                "shasum": ""
            },
            "require": {
                "php": ">=5.3.0"
            },
            "type": "library",
            "autoload": {
                "psr-0": {
                    "org\\bovigo\\vfs": "src/main/php"
                }
            },
            "notification-url": "https://packagist.org/downloads/",
            "license": [
                "BSD"
            ],
            "homepage": "http://vfs.bovigo.org/",
            "time": "2012-08-25 12:49:29"
        }
    ],
    "aliases": [],
    "minimum-stability": "stable",
    "stability-flags": [],
    "prefer-stable": false,
    "prefer-lowest": false,
    "platform": {
        "php": ">=5.2.4"
    },
    "platform-dev": []
}
